
Microsoft Visual Studio Solution File, Format Version 12.00
# Visual Studio Version 17
VisualStudioVersion = 17.7.34009.444
MinimumVisualStudioVersion = 10.0.40219.1
Project("{FAE04EC0-301F-11D3-BF4B-00C04F79EFBC}") = "SaucyProject1", "SaucyProject1\SaucyProject1.csproj", "{565E277B-0116-4005-BBA1-2A930FF778B1}"
EndProject
Global
	GlobalSection(SolutionConfigurationPlatforms) = preSolution
		Debug|Any CPU = Debug|Any CPU
		Release|Any CPU = Release|Any CPU
	EndGlobalSection
	GlobalSection(ProjectConfigurationPlatforms) = postSolution
		{565E277B-0116-4005-BBA1-2A930FF778B1}.Debug|Any CPU.ActiveCfg = Debug|Any CPU
		{565E277B-0116-4005-BBA1-2A930FF778B1}.Debug|Any CPU.Build.0 = Debug|Any CPU
		{565E277B-0116-4005-BBA1-2A930FF778B1}.Release|Any CPU.ActiveCfg = Release|Any CPU
		{565E277B-0116-4005-BBA1-2A930FF778B1}.Release|Any CPU.Build.0 = Release|Any CPU
	EndGlobalSection
	GlobalSection(SolutionProperties) = preSolution
		HideSolutionNode = FALSE
	EndGlobalSection
	GlobalSection(ExtensibilityGlobals) = postSolution
		SolutionGuid = {64AA2938-B733-457B-A13B-F99CAC1CA81E}
	EndGlobalSection
EndGlobal
